// !$*UTF8*$!
{
	archiveVersion = 1;
	classes = {
	};
	objectVersion = 55;
	objects = {

/* Begin PBXBuildFile section */
		02F9813F6816413C22F1C18D /* Pods_Cloudify.framework in Frameworks */ = {isa = PBXBuildFile; fileRef = 78B381CC4FF5B20CC0A0734A /* Pods_Cloudify.framework */; };
		E245B16128B35ED800DF4418 /* AppDelegate.swift in Sources */ = {isa = PBXBuildFile; fileRef = E245B16028B35ED800DF4418 /* AppDelegate.swift */; };
		E245B16328B35ED800DF4418 /* SceneDelegate.swift in Sources */ = {isa = PBXBuildFile; fileRef = E245B16228B35ED800DF4418 /* SceneDelegate.swift */; };
		E245B16528B35ED800DF4418 /* ViewController.swift in Sources */ = {isa = PBXBuildFile; fileRef = E245B16428B35ED800DF4418 /* ViewController.swift */; };
		E245B16A28B35EE000DF4418 /* Assets.xcassets in Resources */ = {isa = PBXBuildFile; fileRef = E245B16928B35EE000DF4418 /* Assets.xcassets */; };
		E245B16D28B35EE000DF4418 /* LaunchScreen.storyboard in Resources */ = {isa = PBXBuildFile; fileRef = E245B16B28B35EE000DF4418 /* LaunchScreen.storyboard */; };
		E245B17828B35EE000DF4418 /* CloudifyTests.swift in Sources */ = {isa = PBXBuildFile; fileRef = E245B17728B35EE000DF4418 /* CloudifyTests.swift */; };
		E245B18228B35EE000DF4418 /* CloudifyUITests.swift in Sources */ = {isa = PBXBuildFile; fileRef = E245B18128B35EE000DF4418 /* CloudifyUITests.swift */; };
		E245B18428B35EE000DF4418 /* CloudifyUITestsLaunchTests.swift in Sources */ = {isa = PBXBuildFile; fileRef = E245B18328B35EE000DF4418 /* CloudifyUITestsLaunchTests.swift */; };
		E245B19428B3633C00DF4418 /* Coordinator.swift in Sources */ = {isa = PBXBuildFile; fileRef = E245B19328B3633C00DF4418 /* Coordinator.swift */; };
		E245B19928B364FF00DF4418 /* MainCoordinator.swift in Sources */ = {isa = PBXBuildFile; fileRef = E245B19828B364FF00DF4418 /* MainCoordinator.swift */; };
		E245B19C28B3655B00DF4418 /* Container+Extention.swift in Sources */ = {isa = PBXBuildFile; fileRef = E245B19B28B3655B00DF4418 /* Container+Extention.swift */; };
		E245B1A028B36B1C00DF4418 /* SplashViewController.swift in Sources */ = {isa = PBXBuildFile; fileRef = E245B19E28B36B1C00DF4418 /* SplashViewController.swift */; };
		E245B1A128B36B1C00DF4418 /* SplashViewController.xib in Resources */ = {isa = PBXBuildFile; fileRef = E245B19F28B36B1C00DF4418 /* SplashViewController.xib */; };
		E245B1A428B36B9500DF4418 /* MSViewController.swift in Sources */ = {isa = PBXBuildFile; fileRef = E245B1A328B36B9500DF4418 /* MSViewController.swift */; };
		E245B1A728B36C6100DF4418 /* MSViewModel.swift in Sources */ = {isa = PBXBuildFile; fileRef = E245B1A628B36C6100DF4418 /* MSViewModel.swift */; };
		E245B1A928B36C8A00DF4418 /* SplashViewModel.swift in Sources */ = {isa = PBXBuildFile; fileRef = E245B1A828B36C8A00DF4418 /* SplashViewModel.swift */; };
		E282EB5728B4FFAD00AD1236 /* ImageCompatible.swift in Sources */ = {isa = PBXBuildFile; fileRef = E282EB5628B4FFAD00AD1236 /* ImageCompatible.swift */; };
		E28C380428B6472600B4D564 /* Data+ImageUtils.swift in Sources */ = {isa = PBXBuildFile; fileRef = E28C380328B6472600B4D564 /* Data+ImageUtils.swift */; };
		E28C380628B6601500B4D564 /* UploadedImage.swift in Sources */ = {isa = PBXBuildFile; fileRef = E28C380528B6601500B4D564 /* UploadedImage.swift */; };
		E28D1C4528B75A7900011DFF /* UploadedImageTableViewCell.swift in Sources */ = {isa = PBXBuildFile; fileRef = E28D1C4328B75A7900011DFF /* UploadedImageTableViewCell.swift */; };
		E28D1C4628B75A7900011DFF /* UploadedImageTableViewCell.xib in Resources */ = {isa = PBXBuildFile; fileRef = E28D1C4428B75A7900011DFF /* UploadedImageTableViewCell.xib */; };
		E2BB44D728B509A2001DB634 /* PhotoImage.swift in Sources */ = {isa = PBXBuildFile; fileRef = E2BB44D628B509A2001DB634 /* PhotoImage.swift */; };
		E2BB44DA28B509D2001DB634 /* PhotoCollectionViewCell.swift in Sources */ = {isa = PBXBuildFile; fileRef = E2BB44D828B509D2001DB634 /* PhotoCollectionViewCell.swift */; };
		E2BB44DB28B509D2001DB634 /* PhotoCollectionViewCell.xib in Resources */ = {isa = PBXBuildFile; fileRef = E2BB44D928B509D2001DB634 /* PhotoCollectionViewCell.xib */; };
		E2BB44DF28B60E93001DB634 /* UploadViewController.swift in Sources */ = {isa = PBXBuildFile; fileRef = E2BB44DD28B60E93001DB634 /* UploadViewController.swift */; };
		E2BB44E028B60E93001DB634 /* UploadViewController.xib in Resources */ = {isa = PBXBuildFile; fileRef = E2BB44DE28B60E93001DB634 /* UploadViewController.xib */; };
		E2BB44E228B60EA1001DB634 /* UploadViewModel.swift in Sources */ = {isa = PBXBuildFile; fileRef = E2BB44E128B60EA1001DB634 /* UploadViewModel.swift */; };
		E2BB44E528B60EC8001DB634 /* BaseUploadRepository.swift in Sources */ = {isa = PBXBuildFile; fileRef = E2BB44E428B60EC8001DB634 /* BaseUploadRepository.swift */; };
		E2BB44E728B60F2A001DB634 /* UploadRepository.swift in Sources */ = {isa = PBXBuildFile; fileRef = E2BB44E628B60F2A001DB634 /* UploadRepository.swift */; };
		E2BB44E928B6100A001DB634 /* MockUploadRepository.swift in Sources */ = {isa = PBXBuildFile; fileRef = E2BB44E828B6100A001DB634 /* MockUploadRepository.swift */; };
		E2C70BC628B3A53C009F6125 /* HomeViewController.swift in Sources */ = {isa = PBXBuildFile; fileRef = E2C70BC428B3A53C009F6125 /* HomeViewController.swift */; };
		E2C70BC728B3A53C009F6125 /* HomeViewController.xib in Resources */ = {isa = PBXBuildFile; fileRef = E2C70BC528B3A53C009F6125 /* HomeViewController.xib */; };
		E2C70BC928B3A54E009F6125 /* HomeViewModel.swift in Sources */ = {isa = PBXBuildFile; fileRef = E2C70BC828B3A54E009F6125 /* HomeViewModel.swift */; };
		E2C70BCC28B3A5A4009F6125 /* CountrySelectionViewModel.swift in Sources */ = {isa = PBXBuildFile; fileRef = E2C70BCB28B3A5A4009F6125 /* CountrySelectionViewModel.swift */; };
		E2C70BCF28B3A5B4009F6125 /* CountrySelectionViewController.swift in Sources */ = {isa = PBXBuildFile; fileRef = E2C70BCD28B3A5B4009F6125 /* CountrySelectionViewController.swift */; };
		E2C70BD028B3A5B4009F6125 /* CountrySelectionViewController.xib in Resources */ = {isa = PBXBuildFile; fileRef = E2C70BCE28B3A5B4009F6125 /* CountrySelectionViewController.xib */; };
		E2C70BD528B3AA42009F6125 /* Localizable.strings in Resources */ = {isa = PBXBuildFile; fileRef = E2C70BD728B3AA42009F6125 /* Localizable.strings */; };
		E2C70BDB28B3AA87009F6125 /* String+Localization.swift in Sources */ = {isa = PBXBuildFile; fileRef = E2C70BDA28B3AA87009F6125 /* String+Localization.swift */; };
		E2C70BDE28B3B15D009F6125 /* Button+Title.swift in Sources */ = {isa = PBXBuildFile; fileRef = E2C70BDD28B3B15D009F6125 /* Button+Title.swift */; };
		E2C70BE128B3BE1D009F6125 /* CountryCompatible.swift in Sources */ = {isa = PBXBuildFile; fileRef = E2C70BE028B3BE1D009F6125 /* CountryCompatible.swift */; };
		E2C70BE528B3BF80009F6125 /* Country.swift in Sources */ = {isa = PBXBuildFile; fileRef = E2C70BE428B3BF80009F6125 /* Country.swift */; };
		E2C70BE728B3D13F009F6125 /* CustomError.swift in Sources */ = {isa = PBXBuildFile; fileRef = E2C70BE628B3D13F009F6125 /* CustomError.swift */; };
		E2C70BE928B3D24D009F6125 /* BaseCountryRepository.swift in Sources */ = {isa = PBXBuildFile; fileRef = E2C70BE828B3D24D009F6125 /* BaseCountryRepository.swift */; };
		E2C70BEB28B3D2A3009F6125 /* MockCountryRepository.swift in Sources */ = {isa = PBXBuildFile; fileRef = E2C70BEA28B3D2A3009F6125 /* MockCountryRepository.swift */; };
		E2C70BED28B3D45F009F6125 /* CountryRepository.swift in Sources */ = {isa = PBXBuildFile; fileRef = E2C70BEC28B3D45F009F6125 /* CountryRepository.swift */; };
		E2C70BF028B4B204009F6125 /* CountryTableViewCell.swift in Sources */ = {isa = PBXBuildFile; fileRef = E2C70BEE28B4B204009F6125 /* CountryTableViewCell.swift */; };
		E2C70BF128B4B204009F6125 /* CountryTableViewCell.xib in Resources */ = {isa = PBXBuildFile; fileRef = E2C70BEF28B4B204009F6125 /* CountryTableViewCell.xib */; };
/* End PBXBuildFile section */

/* Begin PBXContainerItemProxy section */
		E245B17428B35EE000DF4418 /* PBXContainerItemProxy */ = {
			isa = PBXContainerItemProxy;
			containerPortal = E245B15528B35ED800DF4418 /* Project object */;
			proxyType = 1;
			remoteGlobalIDString = E245B15C28B35ED800DF4418;
			remoteInfo = Cloudify;
		};
		E245B17E28B35EE000DF4418 /* PBXContainerItemProxy */ = {
			isa = PBXContainerItemProxy;
			containerPortal = E245B15528B35ED800DF4418 /* Project object */;
			proxyType = 1;
			remoteGlobalIDString = E245B15C28B35ED800DF4418;
			remoteInfo = Cloudify;
		};
/* End PBXContainerItemProxy section */

/* Begin PBXFileReference section */
		78B381CC4FF5B20CC0A0734A /* Pods_Cloudify.framework */ = {isa = PBXFileReference; explicitFileType = wrapper.framework; includeInIndex = 0; path = Pods_Cloudify.framework; sourceTree = BUILT_PRODUCTS_DIR; };
		A9FA8EFE681C6CB6FF8B2018 /* Pods-Cloudify.release.xcconfig */ = {isa = PBXFileReference; includeInIndex = 1; lastKnownFileType = text.xcconfig; name = "Pods-Cloudify.release.xcconfig"; path = "Target Support Files/Pods-Cloudify/Pods-Cloudify.release.xcconfig"; sourceTree = "<group>"; };
		D18AADB4FA33639EA2C30CED /* Pods-Cloudify.debug.xcconfig */ = {isa = PBXFileReference; includeInIndex = 1; lastKnownFileType = text.xcconfig; name = "Pods-Cloudify.debug.xcconfig"; path = "Target Support Files/Pods-Cloudify/Pods-Cloudify.debug.xcconfig"; sourceTree = "<group>"; };
		E245B15D28B35ED800DF4418 /* Cloudify.app */ = {isa = PBXFileReference; explicitFileType = wrapper.application; includeInIndex = 0; path = Cloudify.app; sourceTree = BUILT_PRODUCTS_DIR; };
		E245B16028B35ED800DF4418 /* AppDelegate.swift */ = {isa = PBXFileReference; lastKnownFileType = sourcecode.swift; path = AppDelegate.swift; sourceTree = "<group>"; };
		E245B16228B35ED800DF4418 /* SceneDelegate.swift */ = {isa = PBXFileReference; lastKnownFileType = sourcecode.swift; path = SceneDelegate.swift; sourceTree = "<group>"; };
		E245B16428B35ED800DF4418 /* ViewController.swift */ = {isa = PBXFileReference; lastKnownFileType = sourcecode.swift; path = ViewController.swift; sourceTree = "<group>"; };
		E245B16928B35EE000DF4418 /* Assets.xcassets */ = {isa = PBXFileReference; lastKnownFileType = folder.assetcatalog; path = Assets.xcassets; sourceTree = "<group>"; };
		E245B16C28B35EE000DF4418 /* Base */ = {isa = PBXFileReference; lastKnownFileType = file.storyboard; name = Base; path = Base.lproj/LaunchScreen.storyboard; sourceTree = "<group>"; };
		E245B16E28B35EE000DF4418 /* Info.plist */ = {isa = PBXFileReference; lastKnownFileType = text.plist.xml; path = Info.plist; sourceTree = "<group>"; };
		E245B17328B35EE000DF4418 /* CloudifyTests.xctest */ = {isa = PBXFileReference; explicitFileType = wrapper.cfbundle; includeInIndex = 0; path = CloudifyTests.xctest; sourceTree = BUILT_PRODUCTS_DIR; };
		E245B17728B35EE000DF4418 /* CloudifyTests.swift */ = {isa = PBXFileReference; lastKnownFileType = sourcecode.swift; path = CloudifyTests.swift; sourceTree = "<group>"; };
		E245B17D28B35EE000DF4418 /* CloudifyUITests.xctest */ = {isa = PBXFileReference; explicitFileType = wrapper.cfbundle; includeInIndex = 0; path = CloudifyUITests.xctest; sourceTree = BUILT_PRODUCTS_DIR; };
		E245B18128B35EE000DF4418 /* CloudifyUITests.swift */ = {isa = PBXFileReference; lastKnownFileType = sourcecode.swift; path = CloudifyUITests.swift; sourceTree = "<group>"; };
		E245B18328B35EE000DF4418 /* CloudifyUITestsLaunchTests.swift */ = {isa = PBXFileReference; lastKnownFileType = sourcecode.swift; path = CloudifyUITestsLaunchTests.swift; sourceTree = "<group>"; };
		E245B19328B3633C00DF4418 /* Coordinator.swift */ = {isa = PBXFileReference; lastKnownFileType = sourcecode.swift; path = Coordinator.swift; sourceTree = "<group>"; };
		E245B19828B364FF00DF4418 /* MainCoordinator.swift */ = {isa = PBXFileReference; lastKnownFileType = sourcecode.swift; path = MainCoordinator.swift; sourceTree = "<group>"; };
		E245B19B28B3655B00DF4418 /* Container+Extention.swift */ = {isa = PBXFileReference; lastKnownFileType = sourcecode.swift; path = "Container+Extention.swift"; sourceTree = "<group>"; };
		E245B19E28B36B1C00DF4418 /* SplashViewController.swift */ = {isa = PBXFileReference; lastKnownFileType = sourcecode.swift; path = SplashViewController.swift; sourceTree = "<group>"; };
		E245B19F28B36B1C00DF4418 /* SplashViewController.xib */ = {isa = PBXFileReference; lastKnownFileType = file.xib; path = SplashViewController.xib; sourceTree = "<group>"; };
		E245B1A328B36B9500DF4418 /* MSViewController.swift */ = {isa = PBXFileReference; lastKnownFileType = sourcecode.swift; path = MSViewController.swift; sourceTree = "<group>"; };
		E245B1A628B36C6100DF4418 /* MSViewModel.swift */ = {isa = PBXFileReference; lastKnownFileType = sourcecode.swift; path = MSViewModel.swift; sourceTree = "<group>"; };
		E245B1A828B36C8A00DF4418 /* SplashViewModel.swift */ = {isa = PBXFileReference; lastKnownFileType = sourcecode.swift; path = SplashViewModel.swift; sourceTree = "<group>"; };
		E282EB5628B4FFAD00AD1236 /* ImageCompatible.swift */ = {isa = PBXFileReference; lastKnownFileType = sourcecode.swift; path = ImageCompatible.swift; sourceTree = "<group>"; };
		E28C380328B6472600B4D564 /* Data+ImageUtils.swift */ = {isa = PBXFileReference; lastKnownFileType = sourcecode.swift; path = "Data+ImageUtils.swift"; sourceTree = "<group>"; };
		E28C380528B6601500B4D564 /* UploadedImage.swift */ = {isa = PBXFileReference; lastKnownFileType = sourcecode.swift; path = UploadedImage.swift; sourceTree = "<group>"; };
		E28D1C4328B75A7900011DFF /* UploadedImageTableViewCell.swift */ = {isa = PBXFileReference; lastKnownFileType = sourcecode.swift; path = UploadedImageTableViewCell.swift; sourceTree = "<group>"; };
		E28D1C4428B75A7900011DFF /* UploadedImageTableViewCell.xib */ = {isa = PBXFileReference; lastKnownFileType = file.xib; path = UploadedImageTableViewCell.xib; sourceTree = "<group>"; };
		E2BB44D628B509A2001DB634 /* PhotoImage.swift */ = {isa = PBXFileReference; lastKnownFileType = sourcecode.swift; path = PhotoImage.swift; sourceTree = "<group>"; };
		E2BB44D828B509D2001DB634 /* PhotoCollectionViewCell.swift */ = {isa = PBXFileReference; lastKnownFileType = sourcecode.swift; path = PhotoCollectionViewCell.swift; sourceTree = "<group>"; };
		E2BB44D928B509D2001DB634 /* PhotoCollectionViewCell.xib */ = {isa = PBXFileReference; lastKnownFileType = file.xib; path = PhotoCollectionViewCell.xib; sourceTree = "<group>"; };
		E2BB44DD28B60E93001DB634 /* UploadViewController.swift */ = {isa = PBXFileReference; lastKnownFileType = sourcecode.swift; path = UploadViewController.swift; sourceTree = "<group>"; };
		E2BB44DE28B60E93001DB634 /* UploadViewController.xib */ = {isa = PBXFileReference; lastKnownFileType = file.xib; path = UploadViewController.xib; sourceTree = "<group>"; };
		E2BB44E128B60EA1001DB634 /* UploadViewModel.swift */ = {isa = PBXFileReference; lastKnownFileType = sourcecode.swift; path = UploadViewModel.swift; sourceTree = "<group>"; };
		E2BB44E428B60EC8001DB634 /* BaseUploadRepository.swift */ = {isa = PBXFileReference; lastKnownFileType = sourcecode.swift; path = BaseUploadRepository.swift; sourceTree = "<group>"; };
		E2BB44E628B60F2A001DB634 /* UploadRepository.swift */ = {isa = PBXFileReference; lastKnownFileType = sourcecode.swift; path = UploadRepository.swift; sourceTree = "<group>"; };
		E2BB44E828B6100A001DB634 /* MockUploadRepository.swift */ = {isa = PBXFileReference; lastKnownFileType = sourcecode.swift; path = MockUploadRepository.swift; sourceTree = "<group>"; };
		E2C70BC428B3A53C009F6125 /* HomeViewController.swift */ = {isa = PBXFileReference; lastKnownFileType = sourcecode.swift; path = HomeViewController.swift; sourceTree = "<group>"; };
		E2C70BC528B3A53C009F6125 /* HomeViewController.xib */ = {isa = PBXFileReference; lastKnownFileType = file.xib; path = HomeViewController.xib; sourceTree = "<group>"; };
		E2C70BC828B3A54E009F6125 /* HomeViewModel.swift */ = {isa = PBXFileReference; lastKnownFileType = sourcecode.swift; path = HomeViewModel.swift; sourceTree = "<group>"; };
		E2C70BCB28B3A5A4009F6125 /* CountrySelectionViewModel.swift */ = {isa = PBXFileReference; lastKnownFileType = sourcecode.swift; path = CountrySelectionViewModel.swift; sourceTree = "<group>"; };
		E2C70BCD28B3A5B4009F6125 /* CountrySelectionViewController.swift */ = {isa = PBXFileReference; lastKnownFileType = sourcecode.swift; path = CountrySelectionViewController.swift; sourceTree = "<group>"; };
		E2C70BCE28B3A5B4009F6125 /* CountrySelectionViewController.xib */ = {isa = PBXFileReference; lastKnownFileType = file.xib; path = CountrySelectionViewController.xib; sourceTree = "<group>"; };
		E2C70BD628B3AA42009F6125 /* en */ = {isa = PBXFileReference; lastKnownFileType = text.plist.strings; name = en; path = en.lproj/Localizable.strings; sourceTree = "<group>"; };
		E2C70BDA28B3AA87009F6125 /* String+Localization.swift */ = {isa = PBXFileReference; lastKnownFileType = sourcecode.swift; path = "String+Localization.swift"; sourceTree = "<group>"; };
		E2C70BDC28B3AAD8009F6125 /* it */ = {isa = PBXFileReference; lastKnownFileType = text.plist.strings; name = it; path = it.lproj/Localizable.strings; sourceTree = "<group>"; };
		E2C70BDD28B3B15D009F6125 /* Button+Title.swift */ = {isa = PBXFileReference; lastKnownFileType = sourcecode.swift; path = "Button+Title.swift"; sourceTree = "<group>"; };
		E2C70BE028B3BE1D009F6125 /* CountryCompatible.swift */ = {isa = PBXFileReference; lastKnownFileType = sourcecode.swift; path = CountryCompatible.swift; sourceTree = "<group>"; };
		E2C70BE428B3BF80009F6125 /* Country.swift */ = {isa = PBXFileReference; lastKnownFileType = sourcecode.swift; path = Country.swift; sourceTree = "<group>"; };
		E2C70BE628B3D13F009F6125 /* CustomError.swift */ = {isa = PBXFileReference; lastKnownFileType = sourcecode.swift; path = CustomError.swift; sourceTree = "<group>"; };
		E2C70BE828B3D24D009F6125 /* BaseCountryRepository.swift */ = {isa = PBXFileReference; lastKnownFileType = sourcecode.swift; path = BaseCountryRepository.swift; sourceTree = "<group>"; };
		E2C70BEA28B3D2A3009F6125 /* MockCountryRepository.swift */ = {isa = PBXFileReference; lastKnownFileType = sourcecode.swift; path = MockCountryRepository.swift; sourceTree = "<group>"; };
		E2C70BEC28B3D45F009F6125 /* CountryRepository.swift */ = {isa = PBXFileReference; lastKnownFileType = sourcecode.swift; path = CountryRepository.swift; sourceTree = "<group>"; };
		E2C70BEE28B4B204009F6125 /* CountryTableViewCell.swift */ = {isa = PBXFileReference; lastKnownFileType = sourcecode.swift; path = CountryTableViewCell.swift; sourceTree = "<group>"; };
		E2C70BEF28B4B204009F6125 /* CountryTableViewCell.xib */ = {isa = PBXFileReference; lastKnownFileType = file.xib; path = CountryTableViewCell.xib; sourceTree = "<group>"; };
/* End PBXFileReference section */

/* Begin PBXFrameworksBuildPhase section */
		E245B15A28B35ED800DF4418 /* Frameworks */ = {
			isa = PBXFrameworksBuildPhase;
			buildActionMask = 2147483647;
			files = (
				02F9813F6816413C22F1C18D /* Pods_Cloudify.framework in Frameworks */,
			);
			runOnlyForDeploymentPostprocessing = 0;
		};
		E245B17028B35EE000DF4418 /* Frameworks */ = {
			isa = PBXFrameworksBuildPhase;
			buildActionMask = 2147483647;
			files = (
			);
			runOnlyForDeploymentPostprocessing = 0;
		};
		E245B17A28B35EE000DF4418 /* Frameworks */ = {
			isa = PBXFrameworksBuildPhase;
			buildActionMask = 2147483647;
			files = (
			);
			runOnlyForDeploymentPostprocessing = 0;
		};
/* End PBXFrameworksBuildPhase section */

/* Begin PBXGroup section */
		2B5CD7A920BE2768A91475DD /* Pods */ = {
			isa = PBXGroup;
			children = (
				D18AADB4FA33639EA2C30CED /* Pods-Cloudify.debug.xcconfig */,
				A9FA8EFE681C6CB6FF8B2018 /* Pods-Cloudify.release.xcconfig */,
			);
			path = Pods;
			sourceTree = "<group>";
		};
		A931A2AB01A6B9FA4B1AEEAD /* Frameworks */ = {
			isa = PBXGroup;
			children = (
				78B381CC4FF5B20CC0A0734A /* Pods_Cloudify.framework */,
			);
			name = Frameworks;
			sourceTree = "<group>";
		};
		E245B15428B35ED800DF4418 = {
			isa = PBXGroup;
			children = (
				E245B15F28B35ED800DF4418 /* Cloudify */,
				E245B17628B35EE000DF4418 /* CloudifyTests */,
				E245B18028B35EE000DF4418 /* CloudifyUITests */,
				E245B15E28B35ED800DF4418 /* Products */,
				2B5CD7A920BE2768A91475DD /* Pods */,
				A931A2AB01A6B9FA4B1AEEAD /* Frameworks */,
			);
			sourceTree = "<group>";
		};
		E245B15E28B35ED800DF4418 /* Products */ = {
			isa = PBXGroup;
			children = (
				E245B15D28B35ED800DF4418 /* Cloudify.app */,
				E245B17328B35EE000DF4418 /* CloudifyTests.xctest */,
				E245B17D28B35EE000DF4418 /* CloudifyUITests.xctest */,
			);
			name = Products;
			sourceTree = "<group>";
		};
		E245B15F28B35ED800DF4418 /* Cloudify */ = {
			isa = PBXGroup;
			children = (
				E245B19628B3648D00DF4418 /* Data */,
				E245B19528B3648100DF4418 /* UI */,
				E245B19028B3631900DF4418 /* Common */,
				E245B16028B35ED800DF4418 /* AppDelegate.swift */,
				E245B16228B35ED800DF4418 /* SceneDelegate.swift */,
				E245B16428B35ED800DF4418 /* ViewController.swift */,
				E245B16928B35EE000DF4418 /* Assets.xcassets */,
				E245B16B28B35EE000DF4418 /* LaunchScreen.storyboard */,
				E245B16E28B35EE000DF4418 /* Info.plist */,
				E2C70BD728B3AA42009F6125 /* Localizable.strings */,
			);
			path = Cloudify;
			sourceTree = "<group>";
		};
		E245B17628B35EE000DF4418 /* CloudifyTests */ = {
			isa = PBXGroup;
			children = (
				E245B17728B35EE000DF4418 /* CloudifyTests.swift */,
			);
			path = CloudifyTests;
			sourceTree = "<group>";
		};
		E245B18028B35EE000DF4418 /* CloudifyUITests */ = {
			isa = PBXGroup;
			children = (
				E245B18128B35EE000DF4418 /* CloudifyUITests.swift */,
				E245B18328B35EE000DF4418 /* CloudifyUITestsLaunchTests.swift */,
			);
			path = CloudifyUITests;
			sourceTree = "<group>";
		};
		E245B19028B3631900DF4418 /* Common */ = {
			isa = PBXGroup;
			children = (
				E2C70BD928B3AA69009F6125 /* Extensions */,
				E245B1A528B36C4E00DF4418 /* Protocols */,
				E245B1A228B36B8200DF4418 /* ViewControllers */,
				E245B19A28B3653400DF4418 /* Dependency Injection */,
				E245B19328B3633C00DF4418 /* Coordinator.swift */,
				E2C70BE628B3D13F009F6125 /* CustomError.swift */,
			);
			path = Common;
			sourceTree = "<group>";
		};
		E245B19528B3648100DF4418 /* UI */ = {
			isa = PBXGroup;
			children = (
				E2BB44DC28B60E7B001DB634 /* Upload */,
				E2C70BCA28B3A58C009F6125 /* CountrySelection */,
				E2C70BC328B3A526009F6125 /* Home */,
				E245B19D28B36B0500DF4418 /* Splash */,
				E245B19728B364B400DF4418 /* Coordinator */,
			);
			path = UI;
			sourceTree = "<group>";
		};
		E245B19628B3648D00DF4418 /* Data */ = {
			isa = PBXGroup;
			children = (
				E2C70BE228B3BF4B009F6125 /* Repositories */,
				E2C70BDF28B3BE08009F6125 /* Protocols */,
			);
			path = Data;
			sourceTree = "<group>";
		};
		E245B19728B364B400DF4418 /* Coordinator */ = {
			isa = PBXGroup;
			children = (
				E245B19828B364FF00DF4418 /* MainCoordinator.swift */,
			);
			path = Coordinator;
			sourceTree = "<group>";
		};
		E245B19A28B3653400DF4418 /* Dependency Injection */ = {
			isa = PBXGroup;
			children = (
				E245B19B28B3655B00DF4418 /* Container+Extention.swift */,
			);
			path = "Dependency Injection";
			sourceTree = "<group>";
		};
		E245B19D28B36B0500DF4418 /* Splash */ = {
			isa = PBXGroup;
			children = (
				E245B19E28B36B1C00DF4418 /* SplashViewController.swift */,
				E245B19F28B36B1C00DF4418 /* SplashViewController.xib */,
				E245B1A828B36C8A00DF4418 /* SplashViewModel.swift */,
			);
			path = Splash;
			sourceTree = "<group>";
		};
		E245B1A228B36B8200DF4418 /* ViewControllers */ = {
			isa = PBXGroup;
			children = (
				E245B1A328B36B9500DF4418 /* MSViewController.swift */,
			);
			path = ViewControllers;
			sourceTree = "<group>";
		};
		E245B1A528B36C4E00DF4418 /* Protocols */ = {
			isa = PBXGroup;
			children = (
				E245B1A628B36C6100DF4418 /* MSViewModel.swift */,
			);
			path = Protocols;
			sourceTree = "<group>";
		};
		E2BB44D428B50973001DB634 /* Cell */ = {
			isa = PBXGroup;
			children = (
				E2BB44D828B509D2001DB634 /* PhotoCollectionViewCell.swift */,
				E2BB44D928B509D2001DB634 /* PhotoCollectionViewCell.xib */,
			);
			path = Cell;
			sourceTree = "<group>";
		};
		E2BB44D528B5097F001DB634 /* Model */ = {
			isa = PBXGroup;
			children = (
				E2BB44D628B509A2001DB634 /* PhotoImage.swift */,
			);
			path = Model;
			sourceTree = "<group>";
		};
		E2BB44DC28B60E7B001DB634 /* Upload */ = {
			isa = PBXGroup;
			children = (
				E2BB44DD28B60E93001DB634 /* UploadViewController.swift */,
				E2BB44DE28B60E93001DB634 /* UploadViewController.xib */,
				E2BB44E128B60EA1001DB634 /* UploadViewModel.swift */,
				E28C380528B6601500B4D564 /* UploadedImage.swift */,
				E28D1C4328B75A7900011DFF /* UploadedImageTableViewCell.swift */,
				E28D1C4428B75A7900011DFF /* UploadedImageTableViewCell.xib */,
			);
			path = Upload;
			sourceTree = "<group>";
		};
		E2BB44E328B60EB7001DB634 /* Upload */ = {
			isa = PBXGroup;
			children = (
				E2BB44E428B60EC8001DB634 /* BaseUploadRepository.swift */,
				E2BB44E828B6100A001DB634 /* MockUploadRepository.swift */,
				E2BB44E628B60F2A001DB634 /* UploadRepository.swift */,
			);
			path = Upload;
			sourceTree = "<group>";
		};
		E2C70BC328B3A526009F6125 /* Home */ = {
			isa = PBXGroup;
			children = (
				E2BB44D528B5097F001DB634 /* Model */,
				E2BB44D428B50973001DB634 /* Cell */,
				E2C70BC428B3A53C009F6125 /* HomeViewController.swift */,
				E2C70BC528B3A53C009F6125 /* HomeViewController.xib */,
				E2C70BC828B3A54E009F6125 /* HomeViewModel.swift */,
			);
			path = Home;
			sourceTree = "<group>";
		};
		E2C70BCA28B3A58C009F6125 /* CountrySelection */ = {
			isa = PBXGroup;
			children = (
				E2C70BCB28B3A5A4009F6125 /* CountrySelectionViewModel.swift */,
				E2C70BCD28B3A5B4009F6125 /* CountrySelectionViewController.swift */,
				E2C70BCE28B3A5B4009F6125 /* CountrySelectionViewController.xib */,
				E2C70BEE28B4B204009F6125 /* CountryTableViewCell.swift */,
				E2C70BEF28B4B204009F6125 /* CountryTableViewCell.xib */,
			);
			path = CountrySelection;
			sourceTree = "<group>";
		};
		E2C70BD928B3AA69009F6125 /* Extensions */ = {
			isa = PBXGroup;
			children = (
				E2C70BDA28B3AA87009F6125 /* String+Localization.swift */,
				E2C70BDD28B3B15D009F6125 /* Button+Title.swift */,
				E28C380328B6472600B4D564 /* Data+ImageUtils.swift */,
			);
			path = Extensions;
			sourceTree = "<group>";
		};
		E2C70BDF28B3BE08009F6125 /* Protocols */ = {
			isa = PBXGroup;
			children = (
				E2C70BE028B3BE1D009F6125 /* CountryCompatible.swift */,
				E282EB5628B4FFAD00AD1236 /* ImageCompatible.swift */,
			);
			path = Protocols;
			sourceTree = "<group>";
		};
		E2C70BE228B3BF4B009F6125 /* Repositories */ = {
			isa = PBXGroup;
			children = (
				E2BB44E328B60EB7001DB634 /* Upload */,
				E2C70BE328B3BF62009F6125 /* ContryList */,
			);
			path = Repositories;
			sourceTree = "<group>";
		};
		E2C70BE328B3BF62009F6125 /* ContryList */ = {
			isa = PBXGroup;
			children = (
				E2C70BE428B3BF80009F6125 /* Country.swift */,
				E2C70BE828B3D24D009F6125 /* BaseCountryRepository.swift */,
				E2C70BEC28B3D45F009F6125 /* CountryRepository.swift */,
				E2C70BEA28B3D2A3009F6125 /* MockCountryRepository.swift */,
			);
			path = ContryList;
			sourceTree = "<group>";
		};
/* End PBXGroup section */

/* Begin PBXNativeTarget section */
		E245B15C28B35ED800DF4418 /* Cloudify */ = {
			isa = PBXNativeTarget;
			buildConfigurationList = E245B18728B35EE000DF4418 /* Build configuration list for PBXNativeTarget "Cloudify" */;
			buildPhases = (
				B6506A7BCC4F524FB0F6B1D0 /* [CP] Check Pods Manifest.lock */,
				E245B15928B35ED800DF4418 /* Sources */,
				E245B15A28B35ED800DF4418 /* Frameworks */,
				E245B15B28B35ED800DF4418 /* Resources */,
				ADE6EEF2D0ECD19C8BEA4621 /* [CP] Embed Pods Frameworks */,
			);
			buildRules = (
			);
			dependencies = (
			);
			name = Cloudify;
			productName = Cloudify;
			productReference = E245B15D28B35ED800DF4418 /* Cloudify.app */;
			productType = "com.apple.product-type.application";
		};
		E245B17228B35EE000DF4418 /* CloudifyTests */ = {
			isa = PBXNativeTarget;
			buildConfigurationList = E245B18A28B35EE000DF4418 /* Build configuration list for PBXNativeTarget "CloudifyTests" */;
			buildPhases = (
				E245B16F28B35EE000DF4418 /* Sources */,
				E245B17028B35EE000DF4418 /* Frameworks */,
				E245B17128B35EE000DF4418 /* Resources */,
			);
			buildRules = (
			);
			dependencies = (
				E245B17528B35EE000DF4418 /* PBXTargetDependency */,
			);
			name = CloudifyTests;
			productName = CloudifyTests;
			productReference = E245B17328B35EE000DF4418 /* CloudifyTests.xctest */;
			productType = "com.apple.product-type.bundle.unit-test";
		};
		E245B17C28B35EE000DF4418 /* CloudifyUITests */ = {
			isa = PBXNativeTarget;
			buildConfigurationList = E245B18D28B35EE000DF4418 /* Build configuration list for PBXNativeTarget "CloudifyUITests" */;
			buildPhases = (
				E245B17928B35EE000DF4418 /* Sources */,
				E245B17A28B35EE000DF4418 /* Frameworks */,
				E245B17B28B35EE000DF4418 /* Resources */,
			);
			buildRules = (
			);
			dependencies = (
				E245B17F28B35EE000DF4418 /* PBXTargetDependency */,
			);
			name = CloudifyUITests;
			productName = CloudifyUITests;
			productReference = E245B17D28B35EE000DF4418 /* CloudifyUITests.xctest */;
			productType = "com.apple.product-type.bundle.ui-testing";
		};
/* End PBXNativeTarget section */

/* Begin PBXProject section */
		E245B15528B35ED800DF4418 /* Project object */ = {
			isa = PBXProject;
			attributes = {
				BuildIndependentTargetsInParallel = 1;
				LastSwiftUpdateCheck = 1330;
				LastUpgradeCheck = 1330;
				TargetAttributes = {
					E245B15C28B35ED800DF4418 = {
						CreatedOnToolsVersion = 13.3;
					};
					E245B17228B35EE000DF4418 = {
						CreatedOnToolsVersion = 13.3;
						TestTargetID = E245B15C28B35ED800DF4418;
					};
					E245B17C28B35EE000DF4418 = {
						CreatedOnToolsVersion = 13.3;
						TestTargetID = E245B15C28B35ED800DF4418;
					};
				};
			};
			buildConfigurationList = E245B15828B35ED800DF4418 /* Build configuration list for PBXProject "Cloudify" */;
			compatibilityVersion = "Xcode 13.0";
			developmentRegion = en;
			hasScannedForEncodings = 0;
			knownRegions = (
				en,
				Base,
				it,
			);
			mainGroup = E245B15428B35ED800DF4418;
			productRefGroup = E245B15E28B35ED800DF4418 /* Products */;
			projectDirPath = "";
			projectRoot = "";
			targets = (
				E245B15C28B35ED800DF4418 /* Cloudify */,
				E245B17228B35EE000DF4418 /* CloudifyTests */,
				E245B17C28B35EE000DF4418 /* CloudifyUITests */,
			);
		};
/* End PBXProject section */

/* Begin PBXResourcesBuildPhase section */
		E245B15B28B35ED800DF4418 /* Resources */ = {
			isa = PBXResourcesBuildPhase;
			buildActionMask = 2147483647;
			files = (
				E245B16D28B35EE000DF4418 /* LaunchScreen.storyboard in Resources */,
				E2BB44E028B60E93001DB634 /* UploadViewController.xib in Resources */,
				E2C70BD528B3AA42009F6125 /* Localizable.strings in Resources */,
				E2C70BF128B4B204009F6125 /* CountryTableViewCell.xib in Resources */,
				E245B16A28B35EE000DF4418 /* Assets.xcassets in Resources */,
				E245B1A128B36B1C00DF4418 /* SplashViewController.xib in Resources */,
				E2BB44DB28B509D2001DB634 /* PhotoCollectionViewCell.xib in Resources */,
				E28D1C4628B75A7900011DFF /* UploadedImageTableViewCell.xib in Resources */,
				E2C70BC728B3A53C009F6125 /* HomeViewController.xib in Resources */,
				E2C70BD028B3A5B4009F6125 /* CountrySelectionViewController.xib in Resources */,
			);
			runOnlyForDeploymentPostprocessing = 0;
		};
		E245B17128B35EE000DF4418 /* Resources */ = {
			isa = PBXResourcesBuildPhase;
			buildActionMask = 2147483647;
			files = (
			);
			runOnlyForDeploymentPostprocessing = 0;
		};
		E245B17B28B35EE000DF4418 /* Resources */ = {
			isa = PBXResourcesBuildPhase;
			buildActionMask = 2147483647;
			files = (
			);
			runOnlyForDeploymentPostprocessing = 0;
		};
/* End PBXResourcesBuildPhase section */

/* Begin PBXShellScriptBuildPhase section */
		ADE6EEF2D0ECD19C8BEA4621 /* [CP] Embed Pods Frameworks */ = {
			isa = PBXShellScriptBuildPhase;
			buildActionMask = 2147483647;
			files = (
			);
			inputFileListPaths = (
				"${PODS_ROOT}/Target Support Files/Pods-Cloudify/Pods-Cloudify-frameworks-${CONFIGURATION}-input-files.xcfilelist",
			);
			name = "[CP] Embed Pods Frameworks";
			outputFileListPaths = (
				"${PODS_ROOT}/Target Support Files/Pods-Cloudify/Pods-Cloudify-frameworks-${CONFIGURATION}-output-files.xcfilelist",
			);
			runOnlyForDeploymentPostprocessing = 0;
			shellPath = /bin/sh;
			shellScript = "\"${PODS_ROOT}/Target Support Files/Pods-Cloudify/Pods-Cloudify-frameworks.sh\"\n";
			showEnvVarsInLog = 0;
		};
		B6506A7BCC4F524FB0F6B1D0 /* [CP] Check Pods Manifest.lock */ = {
			isa = PBXShellScriptBuildPhase;
			buildActionMask = 2147483647;
			files = (
			);
			inputFileListPaths = (
			);
			inputPaths = (
				"${PODS_PODFILE_DIR_PATH}/Podfile.lock",
				"${PODS_ROOT}/Manifest.lock",
			);
			name = "[CP] Check Pods Manifest.lock";
			outputFileListPaths = (
			);
			outputPaths = (
				"$(DERIVED_FILE_DIR)/Pods-Cloudify-checkManifestLockResult.txt",
			);
			runOnlyForDeploymentPostprocessing = 0;
			shellPath = /bin/sh;
			shellScript = "diff \"${PODS_PODFILE_DIR_PATH}/Podfile.lock\" \"${PODS_ROOT}/Manifest.lock\" > /dev/null\nif [ $? != 0 ] ; then\n    # print error to STDERR\n    echo \"error: The sandbox is not in sync with the Podfile.lock. Run 'pod install' or update your CocoaPods installation.\" >&2\n    exit 1\nfi\n# This output is used by Xcode 'outputs' to avoid re-running this script phase.\necho \"SUCCESS\" > \"${SCRIPT_OUTPUT_FILE_0}\"\n";
			showEnvVarsInLog = 0;
		};
/* End PBXShellScriptBuildPhase section */

/* Begin PBXSourcesBuildPhase section */
		E245B15928B35ED800DF4418 /* Sources */ = {
			isa = PBXSourcesBuildPhase;
			buildActionMask = 2147483647;
			files = (
				E245B1A428B36B9500DF4418 /* MSViewController.swift in Sources */,
				E2BB44DA28B509D2001DB634 /* PhotoCollectionViewCell.swift in Sources */,
				E2C70BE928B3D24D009F6125 /* BaseCountryRepository.swift in Sources */,
				E245B19428B3633C00DF4418 /* Coordinator.swift in Sources */,
				E2BB44DF28B60E93001DB634 /* UploadViewController.swift in Sources */,
				E2BB44D728B509A2001DB634 /* PhotoImage.swift in Sources */,
				E282EB5728B4FFAD00AD1236 /* ImageCompatible.swift in Sources */,
				E245B16528B35ED800DF4418 /* ViewController.swift in Sources */,
				E2C70BEB28B3D2A3009F6125 /* MockCountryRepository.swift in Sources */,
				E28C380428B6472600B4D564 /* Data+ImageUtils.swift in Sources */,
				E245B19C28B3655B00DF4418 /* Container+Extention.swift in Sources */,
				E28C380628B6601500B4D564 /* UploadedImage.swift in Sources */,
				E2C70BCF28B3A5B4009F6125 /* CountrySelectionViewController.swift in Sources */,
				E245B16128B35ED800DF4418 /* AppDelegate.swift in Sources */,
				E2C70BDE28B3B15D009F6125 /* Button+Title.swift in Sources */,
				E2C70BE728B3D13F009F6125 /* CustomError.swift in Sources */,
				E2C70BED28B3D45F009F6125 /* CountryRepository.swift in Sources */,
				E245B1A928B36C8A00DF4418 /* SplashViewModel.swift in Sources */,
				E245B19928B364FF00DF4418 /* MainCoordinator.swift in Sources */,
				E2C70BC928B3A54E009F6125 /* HomeViewModel.swift in Sources */,
				E2BB44E528B60EC8001DB634 /* BaseUploadRepository.swift in Sources */,
				E2C70BE528B3BF80009F6125 /* Country.swift in Sources */,
				E28D1C4528B75A7900011DFF /* UploadedImageTableViewCell.swift in Sources */,
				E2C70BDB28B3AA87009F6125 /* String+Localization.swift in Sources */,
				E2C70BC628B3A53C009F6125 /* HomeViewController.swift in Sources */,
				E2BB44E928B6100A001DB634 /* MockUploadRepository.swift in Sources */,
				E2BB44E728B60F2A001DB634 /* UploadRepository.swift in Sources */,
				E2BB44E228B60EA1001DB634 /* UploadViewModel.swift in Sources */,
				E2C70BE128B3BE1D009F6125 /* CountryCompatible.swift in Sources */,
				E245B1A028B36B1C00DF4418 /* SplashViewController.swift in Sources */,
				E2C70BCC28B3A5A4009F6125 /* CountrySelectionViewModel.swift in Sources */,
				E2C70BF028B4B204009F6125 /* CountryTableViewCell.swift in Sources */,
				E245B1A728B36C6100DF4418 /* MSViewModel.swift in Sources */,
				E245B16328B35ED800DF4418 /* SceneDelegate.swift in Sources */,
			);
			runOnlyForDeploymentPostprocessing = 0;
		};
		E245B16F28B35EE000DF4418 /* Sources */ = {
			isa = PBXSourcesBuildPhase;
			buildActionMask = 2147483647;
			files = (
				E245B17828B35EE000DF4418 /* CloudifyTests.swift in Sources */,
			);
			runOnlyForDeploymentPostprocessing = 0;
		};
		E245B17928B35EE000DF4418 /* Sources */ = {
			isa = PBXSourcesBuildPhase;
			buildActionMask = 2147483647;
			files = (
				E245B18428B35EE000DF4418 /* CloudifyUITestsLaunchTests.swift in Sources */,
				E245B18228B35EE000DF4418 /* CloudifyUITests.swift in Sources */,
			);
			runOnlyForDeploymentPostprocessing = 0;
		};
/* End PBXSourcesBuildPhase section */

/* Begin PBXTargetDependency section */
		E245B17528B35EE000DF4418 /* PBXTargetDependency */ = {
			isa = PBXTargetDependency;
			target = E245B15C28B35ED800DF4418 /* Cloudify */;
			targetProxy = E245B17428B35EE000DF4418 /* PBXContainerItemProxy */;
		};
		E245B17F28B35EE000DF4418 /* PBXTargetDependency */ = {
			isa = PBXTargetDependency;
			target = E245B15C28B35ED800DF4418 /* Cloudify */;
			targetProxy = E245B17E28B35EE000DF4418 /* PBXContainerItemProxy */;
		};
/* End PBXTargetDependency section */

/* Begin PBXVariantGroup section */
		E245B16B28B35EE000DF4418 /* LaunchScreen.storyboard */ = {
			isa = PBXVariantGroup;
			children = (
				E245B16C28B35EE000DF4418 /* Base */,
			);
			name = LaunchScreen.storyboard;
			sourceTree = "<group>";
		};
		E2C70BD728B3AA42009F6125 /* Localizable.strings */ = {
			isa = PBXVariantGroup;
			children = (
				E2C70BD628B3AA42009F6125 /* en */,
				E2C70BDC28B3AAD8009F6125 /* it */,
			);
			name = Localizable.strings;
			sourceTree = "<group>";
		};
/* End PBXVariantGroup section */

/* Begin XCBuildConfiguration section */
		E245B18528B35EE000DF4418 /* Debug */ = {
			isa = XCBuildConfiguration;
			buildSettings = {
				ALWAYS_SEARCH_USER_PATHS = NO;
				CLANG_ANALYZER_LOCALIZABILITY_NONLOCALIZED = YES;
				CLANG_ANALYZER_NONNULL = YES;
				CLANG_ANALYZER_NUMBER_OBJECT_CONVERSION = YES_AGGRESSIVE;
				CLANG_CXX_LANGUAGE_STANDARD = "gnu++17";
				CLANG_ENABLE_MODULES = YES;
				CLANG_ENABLE_OBJC_ARC = YES;
				CLANG_ENABLE_OBJC_WEAK = YES;
				CLANG_WARN_BLOCK_CAPTURE_AUTORELEASING = YES;
				CLANG_WARN_BOOL_CONVERSION = YES;
				CLANG_WARN_COMMA = YES;
				CLANG_WARN_CONSTANT_CONVERSION = YES;
				CLANG_WARN_DEPRECATED_OBJC_IMPLEMENTATIONS = YES;
				CLANG_WARN_DIRECT_OBJC_ISA_USAGE = YES_ERROR;
				CLANG_WARN_DOCUMENTATION_COMMENTS = YES;
				CLANG_WARN_EMPTY_BODY = YES;
				CLANG_WARN_ENUM_CONVERSION = YES;
				CLANG_WARN_INFINITE_RECURSION = YES;
				CLANG_WARN_INT_CONVERSION = YES;
				CLANG_WARN_NON_LITERAL_NULL_CONVERSION = YES;
				CLANG_WARN_OBJC_IMPLICIT_RETAIN_SELF = YES;
				CLANG_WARN_OBJC_LITERAL_CONVERSION = YES;
				CLANG_WARN_OBJC_ROOT_CLASS = YES_ERROR;
				CLANG_WARN_QUOTED_INCLUDE_IN_FRAMEWORK_HEADER = YES;
				CLANG_WARN_RANGE_LOOP_ANALYSIS = YES;
				CLANG_WARN_STRICT_PROTOTYPES = YES;
				CLANG_WARN_SUSPICIOUS_MOVE = YES;
				CLANG_WARN_UNGUARDED_AVAILABILITY = YES_AGGRESSIVE;
				CLANG_WARN_UNREACHABLE_CODE = YES;
				CLANG_WARN__DUPLICATE_METHOD_MATCH = YES;
				COPY_PHASE_STRIP = NO;
				DEBUG_INFORMATION_FORMAT = dwarf;
				ENABLE_STRICT_OBJC_MSGSEND = YES;
				ENABLE_TESTABILITY = YES;
				GCC_C_LANGUAGE_STANDARD = gnu11;
				GCC_DYNAMIC_NO_PIC = NO;
				GCC_NO_COMMON_BLOCKS = YES;
				GCC_OPTIMIZATION_LEVEL = 0;
				GCC_PREPROCESSOR_DEFINITIONS = (
					"DEBUG=1",
					"$(inherited)",
				);
				GCC_WARN_64_TO_32_BIT_CONVERSION = YES;
				GCC_WARN_ABOUT_RETURN_TYPE = YES_ERROR;
				GCC_WARN_UNDECLARED_SELECTOR = YES;
				GCC_WARN_UNINITIALIZED_AUTOS = YES_AGGRESSIVE;
				GCC_WARN_UNUSED_FUNCTION = YES;
				GCC_WARN_UNUSED_VARIABLE = YES;
				IPHONEOS_DEPLOYMENT_TARGET = 15.4;
				MTL_ENABLE_DEBUG_INFO = INCLUDE_SOURCE;
				MTL_FAST_MATH = YES;
				ONLY_ACTIVE_ARCH = YES;
				SDKROOT = iphoneos;
				SWIFT_ACTIVE_COMPILATION_CONDITIONS = DEBUG;
				SWIFT_OPTIMIZATION_LEVEL = "-Onone";
			};
			name = Debug;
		};
		E245B18628B35EE000DF4418 /* Release */ = {
			isa = XCBuildConfiguration;
			buildSettings = {
				ALWAYS_SEARCH_USER_PATHS = NO;
				CLANG_ANALYZER_LOCALIZABILITY_NONLOCALIZED = YES;
				CLANG_ANALYZER_NONNULL = YES;
				CLANG_ANALYZER_NUMBER_OBJECT_CONVERSION = YES_AGGRESSIVE;
				CLANG_CXX_LANGUAGE_STANDARD = "gnu++17";
				CLANG_ENABLE_MODULES = YES;
				CLANG_ENABLE_OBJC_ARC = YES;
				CLANG_ENABLE_OBJC_WEAK = YES;
				CLANG_WARN_BLOCK_CAPTURE_AUTORELEASING = YES;
				CLANG_WARN_BOOL_CONVERSION = YES;
				CLANG_WARN_COMMA = YES;
				CLANG_WARN_CONSTANT_CONVERSION = YES;
				CLANG_WARN_DEPRECATED_OBJC_IMPLEMENTATIONS = YES;
				CLANG_WARN_DIRECT_OBJC_ISA_USAGE = YES_ERROR;
				CLANG_WARN_DOCUMENTATION_COMMENTS = YES;
				CLANG_WARN_EMPTY_BODY = YES;
				CLANG_WARN_ENUM_CONVERSION = YES;
				CLANG_WARN_INFINITE_RECURSION = YES;
				CLANG_WARN_INT_CONVERSION = YES;
				CLANG_WARN_NON_LITERAL_NULL_CONVERSION = YES;
				CLANG_WARN_OBJC_IMPLICIT_RETAIN_SELF = YES;
				CLANG_WARN_OBJC_LITERAL_CONVERSION = YES;
				CLANG_WARN_OBJC_ROOT_CLASS = YES_ERROR;
				CLANG_WARN_QUOTED_INCLUDE_IN_FRAMEWORK_HEADER = YES;
				CLANG_WARN_RANGE_LOOP_ANALYSIS = YES;
				CLANG_WARN_STRICT_PROTOTYPES = YES;
				CLANG_WARN_SUSPICIOUS_MOVE = YES;
				CLANG_WARN_UNGUARDED_AVAILABILITY = YES_AGGRESSIVE;
				CLANG_WARN_UNREACHABLE_CODE = YES;
				CLANG_WARN__DUPLICATE_METHOD_MATCH = YES;
				COPY_PHASE_STRIP = NO;
				DEBUG_INFORMATION_FORMAT = "dwarf-with-dsym";
				ENABLE_NS_ASSERTIONS = NO;
				ENABLE_STRICT_OBJC_MSGSEND = YES;
				GCC_C_LANGUAGE_STANDARD = gnu11;
				GCC_NO_COMMON_BLOCKS = YES;
				GCC_WARN_64_TO_32_BIT_CONVERSION = YES;
				GCC_WARN_ABOUT_RETURN_TYPE = YES_ERROR;
				GCC_WARN_UNDECLARED_SELECTOR = YES;
				GCC_WARN_UNINITIALIZED_AUTOS = YES_AGGRESSIVE;
				GCC_WARN_UNUSED_FUNCTION = YES;
				GCC_WARN_UNUSED_VARIABLE = YES;
				IPHONEOS_DEPLOYMENT_TARGET = 15.4;
				MTL_ENABLE_DEBUG_INFO = NO;
				MTL_FAST_MATH = YES;
				SDKROOT = iphoneos;
				SWIFT_COMPILATION_MODE = wholemodule;
				SWIFT_OPTIMIZATION_LEVEL = "-O";
				VALIDATE_PRODUCT = YES;
			};
			name = Release;
		};
		E245B18828B35EE000DF4418 /* Debug */ = {
			isa = XCBuildConfiguration;
			baseConfigurationReference = D18AADB4FA33639EA2C30CED /* Pods-Cloudify.debug.xcconfig */;
			buildSettings = {
				ASSETCATALOG_COMPILER_APPICON_NAME = AppIcon;
				ASSETCATALOG_COMPILER_GLOBAL_ACCENT_COLOR_NAME = AccentColor;
				CODE_SIGN_STYLE = Automatic;
				CURRENT_PROJECT_VERSION = 1;
				DEVELOPMENT_TEAM = N55K8UY2QY;
				GENERATE_INFOPLIST_FILE = YES;
				INFOPLIST_FILE = Cloudify/Info.plist;
				INFOPLIST_KEY_NSCameraUsageDescription = "This app wants to take pictures to upload in cloud.";
				INFOPLIST_KEY_NSPhotoLibraryUsageDescription = "This app wants to use your photos to upload in cloud.";
				INFOPLIST_KEY_UIApplicationSupportsIndirectInputEvents = YES;
				INFOPLIST_KEY_UILaunchStoryboardName = LaunchScreen;
				INFOPLIST_KEY_UIRequiresFullScreen = YES;
				INFOPLIST_KEY_UISupportedInterfaceOrientations_iPad = "UIInterfaceOrientationPortrait UIInterfaceOrientationPortraitUpsideDown UIInterfaceOrientationLandscapeLeft UIInterfaceOrientationLandscapeRight";
				INFOPLIST_KEY_UISupportedInterfaceOrientations_iPhone = "UIInterfaceOrientationPortrait UIInterfaceOrientationLandscapeLeft UIInterfaceOrientationLandscapeRight";
				IPHONEOS_DEPLOYMENT_TARGET = 13.0;
				LD_RUNPATH_SEARCH_PATHS = (
					"$(inherited)",
					"@executable_path/Frameworks",
				);
				MARKETING_VERSION = 1.0;
				PRODUCT_BUNDLE_IDENTIFIER = com.msproject.Cloudify;
				PRODUCT_NAME = "$(TARGET_NAME)";
				SWIFT_EMIT_LOC_STRINGS = YES;
				SWIFT_VERSION = 5.0;
				TARGETED_DEVICE_FAMILY = "1,2";
			};
			name = Debug;
		};
		E245B18928B35EE000DF4418 /* Release */ = {
			isa = XCBuildConfiguration;
			baseConfigurationReference = A9FA8EFE681C6CB6FF8B2018 /* Pods-Cloudify.release.xcconfig */;
			buildSettings = {
				ASSETCATALOG_COMPILER_APPICON_NAME = AppIcon;
				ASSETCATALOG_COMPILER_GLOBAL_ACCENT_COLOR_NAME = AccentColor;
				CODE_SIGN_STYLE = Automatic;
				CURRENT_PROJECT_VERSION = 1;
				DEVELOPMENT_TEAM = N55K8UY2QY;
				GENERATE_INFOPLIST_FILE = YES;
				INFOPLIST_FILE = Cloudify/Info.plist;
				INFOPLIST_KEY_NSCameraUsageDescription = "This app wants to take pictures to upload in cloud.";
				INFOPLIST_KEY_NSPhotoLibraryUsageDescription = "This app wants to use your photos to upload in cloud.";
				INFOPLIST_KEY_UIApplicationSupportsIndirectInputEvents = YES;
				INFOPLIST_KEY_UILaunchStoryboardName = LaunchScreen;
				INFOPLIST_KEY_UIRequiresFullScreen = YES;
				INFOPLIST_KEY_UISupportedInterfaceOrientations_iPad = "UIInterfaceOrientationPortrait UIInterfaceOrientationPortraitUpsideDown UIInterfaceOrientationLandscapeLeft UIInterfaceOrientationLandscapeRight";
				INFOPLIST_KEY_UISupportedInterfaceOrientations_iPhone = "UIInterfaceOrientationPortrait UIInterfaceOrientationLandscapeLeft UIInterfaceOrientationLandscapeRight";
				IPHONEOS_DEPLOYMENT_TARGET = 13.0;
				LD_RUNPATH_SEARCH_PATHS = (
					"$(inherited)",
					"@executable_path/Frameworks",
				);
				MARKETING_VERSION = 1.0;
				PRODUCT_BUNDLE_IDENTIFIER = com.msproject.Cloudify;
				PRODUCT_NAME = "$(TARGET_NAME)";
				SWIFT_EMIT_LOC_STRINGS = YES;
				SWIFT_VERSION = 5.0;
				TARGETED_DEVICE_FAMILY = "1,2";
			};
			name = Release;
		};
		E245B18B28B35EE000DF4418 /* Debug */ = {
			isa = XCBuildConfiguration;
			buildSettings = {
				ALWAYS_EMBED_SWIFT_STANDARD_LIBRARIES = YES;
				BUNDLE_LOADER = "$(TEST_HOST)";
				CODE_SIGN_STYLE = Automatic;
				CURRENT_PROJECT_VERSION = 1;
				DEVELOPMENT_TEAM = N55K8UY2QY;
				GENERATE_INFOPLIST_FILE = YES;
				IPHONEOS_DEPLOYMENT_TARGET = 15.4;
				MARKETING_VERSION = 1.0;
				PRODUCT_BUNDLE_IDENTIFIER = com.msproject.CloudifyTests;
				PRODUCT_NAME = "$(TARGET_NAME)";
				SWIFT_EMIT_LOC_STRINGS = NO;
				SWIFT_VERSION = 5.0;
				TARGETED_DEVICE_FAMILY = "1,2";
				TEST_HOST = "$(BUILT_PRODUCTS_DIR)/Cloudify.app/Cloudify";
			};
			name = Debug;
		};
		E245B18C28B35EE000DF4418 /* Release */ = {
			isa = XCBuildConfiguration;
			buildSettings = {
				ALWAYS_EMBED_SWIFT_STANDARD_LIBRARIES = YES;
				BUNDLE_LOADER = "$(TEST_HOST)";
				CODE_SIGN_STYLE = Automatic;
				CURRENT_PROJECT_VERSION = 1;
				DEVELOPMENT_TEAM = N55K8UY2QY;
				GENERATE_INFOPLIST_FILE = YES;
				IPHONEOS_DEPLOYMENT_TARGET = 15.4;
				MARKETING_VERSION = 1.0;
				PRODUCT_BUNDLE_IDENTIFIER = com.msproject.CloudifyTests;
				PRODUCT_NAME = "$(TARGET_NAME)";
				SWIFT_EMIT_LOC_STRINGS = NO;
				SWIFT_VERSION = 5.0;
				TARGETED_DEVICE_FAMILY = "1,2";
				TEST_HOST = "$(BUILT_PRODUCTS_DIR)/Cloudify.app/Cloudify";
			};
			name = Release;
		};
		E245B18E28B35EE000DF4418 /* Debug */ = {
			isa = XCBuildConfiguration;
			buildSettings = {
				ALWAYS_EMBED_SWIFT_STANDARD_LIBRARIES = YES;
				CODE_SIGN_STYLE = Automatic;
				CURRENT_PROJECT_VERSION = 1;
				DEVELOPMENT_TEAM = N55K8UY2QY;
				GENERATE_INFOPLIST_FILE = YES;
				MARKETING_VERSION = 1.0;
				PRODUCT_BUNDLE_IDENTIFIER = com.msproject.CloudifyUITests;
				PRODUCT_NAME = "$(TARGET_NAME)";
				SWIFT_EMIT_LOC_STRINGS = NO;
				SWIFT_VERSION = 5.0;
				TARGETED_DEVICE_FAMILY = "1,2";
				TEST_TARGET_NAME = Cloudify;
			};
			name = Debug;
		};
		E245B18F28B35EE000DF4418 /* Release */ = {
			isa = XCBuildConfiguration;
			buildSettings = {
				ALWAYS_EMBED_SWIFT_STANDARD_LIBRARIES = YES;
				CODE_SIGN_STYLE = Automatic;
				CURRENT_PROJECT_VERSION = 1;
				DEVELOPMENT_TEAM = N55K8UY2QY;
				GENERATE_INFOPLIST_FILE = YES;
				MARKETING_VERSION = 1.0;
				PRODUCT_BUNDLE_IDENTIFIER = com.msproject.CloudifyUITests;
				PRODUCT_NAME = "$(TARGET_NAME)";
				SWIFT_EMIT_LOC_STRINGS = NO;
				SWIFT_VERSION = 5.0;
				TARGETED_DEVICE_FAMILY = "1,2";
				TEST_TARGET_NAME = Cloudify;
			};
			name = Release;
		};
/* End XCBuildConfiguration section */

/* Begin XCConfigurationList section */
		E245B15828B35ED800DF4418 /* Build configuration list for PBXProject "Cloudify" */ = {
			isa = XCConfigurationList;
			buildConfigurations = (
				E245B18528B35EE000DF4418 /* Debug */,
				E245B18628B35EE000DF4418 /* Release */,
			);
			defaultConfigurationIsVisible = 0;
			defaultConfigurationName = Release;
		};
		E245B18728B35EE000DF4418 /* Build configuration list for PBXNativeTarget "Cloudify" */ = {
			isa = XCConfigurationList;
			buildConfigurations = (
				E245B18828B35EE000DF4418 /* Debug */,
				E245B18928B35EE000DF4418 /* Release */,
			);
			defaultConfigurationIsVisible = 0;
			defaultConfigurationName = Release;
		};
		E245B18A28B35EE000DF4418 /* Build configuration list for PBXNativeTarget "CloudifyTests" */ = {
			isa = XCConfigurationList;
			buildConfigurations = (
				E245B18B28B35EE000DF4418 /* Debug */,
				E245B18C28B35EE000DF4418 /* Release */,
			);
			defaultConfigurationIsVisible = 0;
			defaultConfigurationName = Release;
		};
		E245B18D28B35EE000DF4418 /* Build configuration list for PBXNativeTarget "CloudifyUITests" */ = {
			isa = XCConfigurationList;
			buildConfigurations = (
				E245B18E28B35EE000DF4418 /* Debug */,
				E245B18F28B35EE000DF4418 /* Release */,
			);
			defaultConfigurationIsVisible = 0;
			defaultConfigurationName = Release;
		};
/* End XCConfigurationList section */
	};
	rootObject = E245B15528B35ED800DF4418 /* Project object */;
}
